
Microsoft Visual Studio Solution File, Format Version 12.00
# Visual Studio Version 16
VisualStudioVersion = 16.0.30114.105
MinimumVisualStudioVersion = 10.0.40219.1
Project("{FAE04EC0-301F-11D3-BF4B-00C04F79EFBC}") = "Assignment00", "Assignment00\Assignment00.csproj", "{0CAA1FFD-FB00-4A31-9B49-F267BE7FD9EC}"
EndProject
Project("{FAE04EC0-301F-11D3-BF4B-00C04F79EFBC}") = "Assignment00.test", "Assignment00.test\Assignment00.test.csproj", "{A5539FBD-F31D-4598-BD1B-51E338E7A5BE}"
EndProject
Global
	GlobalSection(SolutionConfigurationPlatforms) = preSolution
		Debug|Any CPU = Debug|Any CPU
		Debug|x64 = Debug|x64
		Debug|x86 = Debug|x86
		Release|Any CPU = Release|Any CPU
		Release|x64 = Release|x64
		Release|x86 = Release|x86
	EndGlobalSection
	GlobalSection(SolutionProperties) = preSolution
		HideSolutionNode = FALSE
	EndGlobalSection
	GlobalSection(ProjectConfigurationPlatforms) = postSolution
		{0CAA1FFD-FB00-4A31-9B49-F267BE7FD9EC}.Debug|Any CPU.ActiveCfg = Debug|Any CPU
		{0CAA1FFD-FB00-4A31-9B49-F267BE7FD9EC}.Debug|Any CPU.Build.0 = Debug|Any CPU
		{0CAA1FFD-FB00-4A31-9B49-F267BE7FD9EC}.Debug|x64.ActiveCfg = Debug|Any CPU
		{0CAA1FFD-FB00-4A31-9B49-F267BE7FD9EC}.Debug|x64.Build.0 = Debug|Any CPU
		{0CAA1FFD-FB00-4A31-9B49-F267BE7FD9EC}.Debug|x86.ActiveCfg = Debug|Any CPU
		{0CAA1FFD-FB00-4A31-9B49-F267BE7FD9EC}.Debug|x86.Build.0 = Debug|Any CPU
		{0CAA1FFD-FB00-4A31-9B49-F267BE7FD9EC}.Release|Any CPU.ActiveCfg = Release|Any CPU
		{0CAA1FFD-FB00-4A31-9B49-F267BE7FD9EC}.Release|Any CPU.Build.0 = Release|Any CPU
		{0CAA1FFD-FB00-4A31-9B49-F267BE7FD9EC}.Release|x64.ActiveCfg = Release|Any CPU
		{0CAA1FFD-FB00-4A31-9B49-F267BE7FD9EC}.Release|x64.Build.0 = Release|Any CPU
		{0CAA1FFD-FB00-4A31-9B49-F267BE7FD9EC}.Release|x86.ActiveCfg = Release|Any CPU
		{0CAA1FFD-FB00-4A31-9B49-F267BE7FD9EC}.Release|x86.Build.0 = Release|Any CPU
		{A5539FBD-F31D-4598-BD1B-51E338E7A5BE}.Debug|Any CPU.ActiveCfg = Debug|Any CPU
		{A5539FBD-F31D-4598-BD1B-51E338E7A5BE}.Debug|Any CPU.Build.0 = Debug|Any CPU
		{A5539FBD-F31D-4598-BD1B-51E338E7A5BE}.Debug|x64.ActiveCfg = Debug|Any CPU
		{A5539FBD-F31D-4598-BD1B-51E338E7A5BE}.Debug|x64.Build.0 = Debug|Any CPU
		{A5539FBD-F31D-4598-BD1B-51E338E7A5BE}.Debug|x86.ActiveCfg = Debug|Any CPU
		{A5539FBD-F31D-4598-BD1B-51E338E7A5BE}.Debug|x86.Build.0 = Debug|Any CPU
		{A5539FBD-F31D-4598-BD1B-51E338E7A5BE}.Release|Any CPU.ActiveCfg = Release|Any CPU
		{A5539FBD-F31D-4598-BD1B-51E338E7A5BE}.Release|Any CPU.Build.0 = Release|Any CPU
		{A5539FBD-F31D-4598-BD1B-51E338E7A5BE}.Release|x64.ActiveCfg = Release|Any CPU
		{A5539FBD-F31D-4598-BD1B-51E338E7A5BE}.Release|x64.Build.0 = Release|Any CPU
		{A5539FBD-F31D-4598-BD1B-51E338E7A5BE}.Release|x86.ActiveCfg = Release|Any CPU
		{A5539FBD-F31D-4598-BD1B-51E338E7A5BE}.Release|x86.Build.0 = Release|Any CPU
	EndGlobalSection
EndGlobal
