
Microsoft Visual Studio Solution File, Format Version 12.00
# Visual Studio Version 16
VisualStudioVersion = 16.0.30114.105
MinimumVisualStudioVersion = 10.0.40219.1
Project("{FAE04EC0-301F-11D3-BF4B-00C04F79EFBC}") = "HelloWorld", "HelloWorld\HelloWorld.csproj", "{B1425282-C33A-467E-8AC1-CBD9EB874A1C}"
EndProject
Project("{FAE04EC0-301F-11D3-BF4B-00C04F79EFBC}") = "HelloWorld.test", "HelloWorld.test\HelloWorld.test.csproj", "{1D30F917-696C-41F3-ABE1-0F3229F8E3B4}"
EndProject
Project("{FAE04EC0-301F-11D3-BF4B-00C04F79EFBC}") = "LeapYear", "LeapYear\LeapYear.csproj", "{50D3DB82-0726-4DAB-A6D7-A05AF92B83E5}"
EndProject
Project("{FAE04EC0-301F-11D3-BF4B-00C04F79EFBC}") = "LeapYear.test", "LeapYear.test\LeapYear.test.csproj", "{669173DD-9B84-4D74-8FD4-B635EC1E5A1E}"
EndProject
Global
	GlobalSection(SolutionConfigurationPlatforms) = preSolution
		Debug|Any CPU = Debug|Any CPU
		Debug|x64 = Debug|x64
		Debug|x86 = Debug|x86
		Release|Any CPU = Release|Any CPU
		Release|x64 = Release|x64
		Release|x86 = Release|x86
	EndGlobalSection
	GlobalSection(SolutionProperties) = preSolution
		HideSolutionNode = FALSE
	EndGlobalSection
	GlobalSection(ProjectConfigurationPlatforms) = postSolution
		{0CAA1FFD-FB00-4A31-9B49-F267BE7FD9EC}.Debug|Any CPU.ActiveCfg = Debug|Any CPU
		{0CAA1FFD-FB00-4A31-9B49-F267BE7FD9EC}.Debug|Any CPU.Build.0 = Debug|Any CPU
		{0CAA1FFD-FB00-4A31-9B49-F267BE7FD9EC}.Debug|x64.ActiveCfg = Debug|Any CPU
		{0CAA1FFD-FB00-4A31-9B49-F267BE7FD9EC}.Debug|x64.Build.0 = Debug|Any CPU
		{0CAA1FFD-FB00-4A31-9B49-F267BE7FD9EC}.Debug|x86.ActiveCfg = Debug|Any CPU
		{0CAA1FFD-FB00-4A31-9B49-F267BE7FD9EC}.Debug|x86.Build.0 = Debug|Any CPU
		{0CAA1FFD-FB00-4A31-9B49-F267BE7FD9EC}.Release|Any CPU.ActiveCfg = Release|Any CPU
		{0CAA1FFD-FB00-4A31-9B49-F267BE7FD9EC}.Release|Any CPU.Build.0 = Release|Any CPU
		{0CAA1FFD-FB00-4A31-9B49-F267BE7FD9EC}.Release|x64.ActiveCfg = Release|Any CPU
		{0CAA1FFD-FB00-4A31-9B49-F267BE7FD9EC}.Release|x64.Build.0 = Release|Any CPU
		{0CAA1FFD-FB00-4A31-9B49-F267BE7FD9EC}.Release|x86.ActiveCfg = Release|Any CPU
		{0CAA1FFD-FB00-4A31-9B49-F267BE7FD9EC}.Release|x86.Build.0 = Release|Any CPU
		{A5539FBD-F31D-4598-BD1B-51E338E7A5BE}.Debug|Any CPU.ActiveCfg = Debug|Any CPU
		{A5539FBD-F31D-4598-BD1B-51E338E7A5BE}.Debug|Any CPU.Build.0 = Debug|Any CPU
		{A5539FBD-F31D-4598-BD1B-51E338E7A5BE}.Debug|x64.ActiveCfg = Debug|Any CPU
		{A5539FBD-F31D-4598-BD1B-51E338E7A5BE}.Debug|x64.Build.0 = Debug|Any CPU
		{A5539FBD-F31D-4598-BD1B-51E338E7A5BE}.Debug|x86.ActiveCfg = Debug|Any CPU
		{A5539FBD-F31D-4598-BD1B-51E338E7A5BE}.Debug|x86.Build.0 = Debug|Any CPU
		{A5539FBD-F31D-4598-BD1B-51E338E7A5BE}.Release|Any CPU.ActiveCfg = Release|Any CPU
		{A5539FBD-F31D-4598-BD1B-51E338E7A5BE}.Release|Any CPU.Build.0 = Release|Any CPU
		{A5539FBD-F31D-4598-BD1B-51E338E7A5BE}.Release|x64.ActiveCfg = Release|Any CPU
		{A5539FBD-F31D-4598-BD1B-51E338E7A5BE}.Release|x64.Build.0 = Release|Any CPU
		{A5539FBD-F31D-4598-BD1B-51E338E7A5BE}.Release|x86.ActiveCfg = Release|Any CPU
		{A5539FBD-F31D-4598-BD1B-51E338E7A5BE}.Release|x86.Build.0 = Release|Any CPU
		{B1425282-C33A-467E-8AC1-CBD9EB874A1C}.Debug|Any CPU.ActiveCfg = Debug|Any CPU
		{B1425282-C33A-467E-8AC1-CBD9EB874A1C}.Debug|Any CPU.Build.0 = Debug|Any CPU
		{B1425282-C33A-467E-8AC1-CBD9EB874A1C}.Debug|x64.ActiveCfg = Debug|Any CPU
		{B1425282-C33A-467E-8AC1-CBD9EB874A1C}.Debug|x64.Build.0 = Debug|Any CPU
		{B1425282-C33A-467E-8AC1-CBD9EB874A1C}.Debug|x86.ActiveCfg = Debug|Any CPU
		{B1425282-C33A-467E-8AC1-CBD9EB874A1C}.Debug|x86.Build.0 = Debug|Any CPU
		{B1425282-C33A-467E-8AC1-CBD9EB874A1C}.Release|Any CPU.ActiveCfg = Release|Any CPU
		{B1425282-C33A-467E-8AC1-CBD9EB874A1C}.Release|Any CPU.Build.0 = Release|Any CPU
		{B1425282-C33A-467E-8AC1-CBD9EB874A1C}.Release|x64.ActiveCfg = Release|Any CPU
		{B1425282-C33A-467E-8AC1-CBD9EB874A1C}.Release|x64.Build.0 = Release|Any CPU
		{B1425282-C33A-467E-8AC1-CBD9EB874A1C}.Release|x86.ActiveCfg = Release|Any CPU
		{B1425282-C33A-467E-8AC1-CBD9EB874A1C}.Release|x86.Build.0 = Release|Any CPU
		{1D30F917-696C-41F3-ABE1-0F3229F8E3B4}.Debug|Any CPU.ActiveCfg = Debug|Any CPU
		{1D30F917-696C-41F3-ABE1-0F3229F8E3B4}.Debug|Any CPU.Build.0 = Debug|Any CPU
		{1D30F917-696C-41F3-ABE1-0F3229F8E3B4}.Debug|x64.ActiveCfg = Debug|Any CPU
		{1D30F917-696C-41F3-ABE1-0F3229F8E3B4}.Debug|x64.Build.0 = Debug|Any CPU
		{1D30F917-696C-41F3-ABE1-0F3229F8E3B4}.Debug|x86.ActiveCfg = Debug|Any CPU
		{1D30F917-696C-41F3-ABE1-0F3229F8E3B4}.Debug|x86.Build.0 = Debug|Any CPU
		{1D30F917-696C-41F3-ABE1-0F3229F8E3B4}.Release|Any CPU.ActiveCfg = Release|Any CPU
		{1D30F917-696C-41F3-ABE1-0F3229F8E3B4}.Release|Any CPU.Build.0 = Release|Any CPU
		{1D30F917-696C-41F3-ABE1-0F3229F8E3B4}.Release|x64.ActiveCfg = Release|Any CPU
		{1D30F917-696C-41F3-ABE1-0F3229F8E3B4}.Release|x64.Build.0 = Release|Any CPU
		{1D30F917-696C-41F3-ABE1-0F3229F8E3B4}.Release|x86.ActiveCfg = Release|Any CPU
		{1D30F917-696C-41F3-ABE1-0F3229F8E3B4}.Release|x86.Build.0 = Release|Any CPU
		{50D3DB82-0726-4DAB-A6D7-A05AF92B83E5}.Debug|Any CPU.ActiveCfg = Debug|Any CPU
		{50D3DB82-0726-4DAB-A6D7-A05AF92B83E5}.Debug|Any CPU.Build.0 = Debug|Any CPU
		{50D3DB82-0726-4DAB-A6D7-A05AF92B83E5}.Debug|x64.ActiveCfg = Debug|Any CPU
		{50D3DB82-0726-4DAB-A6D7-A05AF92B83E5}.Debug|x64.Build.0 = Debug|Any CPU
		{50D3DB82-0726-4DAB-A6D7-A05AF92B83E5}.Debug|x86.ActiveCfg = Debug|Any CPU
		{50D3DB82-0726-4DAB-A6D7-A05AF92B83E5}.Debug|x86.Build.0 = Debug|Any CPU
		{50D3DB82-0726-4DAB-A6D7-A05AF92B83E5}.Release|Any CPU.ActiveCfg = Release|Any CPU
		{50D3DB82-0726-4DAB-A6D7-A05AF92B83E5}.Release|Any CPU.Build.0 = Release|Any CPU
		{50D3DB82-0726-4DAB-A6D7-A05AF92B83E5}.Release|x64.ActiveCfg = Release|Any CPU
		{50D3DB82-0726-4DAB-A6D7-A05AF92B83E5}.Release|x64.Build.0 = Release|Any CPU
		{50D3DB82-0726-4DAB-A6D7-A05AF92B83E5}.Release|x86.ActiveCfg = Release|Any CPU
		{50D3DB82-0726-4DAB-A6D7-A05AF92B83E5}.Release|x86.Build.0 = Release|Any CPU
		{669173DD-9B84-4D74-8FD4-B635EC1E5A1E}.Debug|Any CPU.ActiveCfg = Debug|Any CPU
		{669173DD-9B84-4D74-8FD4-B635EC1E5A1E}.Debug|Any CPU.Build.0 = Debug|Any CPU
		{669173DD-9B84-4D74-8FD4-B635EC1E5A1E}.Debug|x64.ActiveCfg = Debug|Any CPU
		{669173DD-9B84-4D74-8FD4-B635EC1E5A1E}.Debug|x64.Build.0 = Debug|Any CPU
		{669173DD-9B84-4D74-8FD4-B635EC1E5A1E}.Debug|x86.ActiveCfg = Debug|Any CPU
		{669173DD-9B84-4D74-8FD4-B635EC1E5A1E}.Debug|x86.Build.0 = Debug|Any CPU
		{669173DD-9B84-4D74-8FD4-B635EC1E5A1E}.Release|Any CPU.ActiveCfg = Release|Any CPU
		{669173DD-9B84-4D74-8FD4-B635EC1E5A1E}.Release|Any CPU.Build.0 = Release|Any CPU
		{669173DD-9B84-4D74-8FD4-B635EC1E5A1E}.Release|x64.ActiveCfg = Release|Any CPU
		{669173DD-9B84-4D74-8FD4-B635EC1E5A1E}.Release|x64.Build.0 = Release|Any CPU
		{669173DD-9B84-4D74-8FD4-B635EC1E5A1E}.Release|x86.ActiveCfg = Release|Any CPU
		{669173DD-9B84-4D74-8FD4-B635EC1E5A1E}.Release|x86.Build.0 = Release|Any CPU
	EndGlobalSection
EndGlobal
